
Microsoft Visual Studio Solution File, Format Version 12.00
# Visual Studio Version 17
VisualStudioVersion = 17.1.32328.378
MinimumVisualStudioVersion = 10.0.40219.1
Project("{FAE04EC0-301F-11D3-BF4B-00C04F79EFBC}") = "AzureSqlServerWebAPI", "AzureSqlServerWebAPI\AzureSqlServerWebAPI.csproj", "{D3C04349-C11B-4982-A69B-BCFB62896732}"
EndProject
Project("{FAE04EC0-301F-11D3-BF4B-00C04F79EFBC}") = "AzureFunc", "AzureFunc\AzureFunc.csproj", "{CF8843A5-A104-4F77-A91B-B66AD35AD937}"
EndProject
Global
	GlobalSection(SolutionConfigurationPlatforms) = preSolution
		Debug|Any CPU = Debug|Any CPU
		Release|Any CPU = Release|Any CPU
	EndGlobalSection
	GlobalSection(ProjectConfigurationPlatforms) = postSolution
		{D3C04349-C11B-4982-A69B-BCFB62896732}.Debug|Any CPU.ActiveCfg = Debug|Any CPU
		{D3C04349-C11B-4982-A69B-BCFB62896732}.Debug|Any CPU.Build.0 = Debug|Any CPU
		{D3C04349-C11B-4982-A69B-BCFB62896732}.Release|Any CPU.ActiveCfg = Release|Any CPU
		{D3C04349-C11B-4982-A69B-BCFB62896732}.Release|Any CPU.Build.0 = Release|Any CPU
		{CF8843A5-A104-4F77-A91B-B66AD35AD937}.Debug|Any CPU.ActiveCfg = Debug|Any CPU
		{CF8843A5-A104-4F77-A91B-B66AD35AD937}.Debug|Any CPU.Build.0 = Debug|Any CPU
		{CF8843A5-A104-4F77-A91B-B66AD35AD937}.Release|Any CPU.ActiveCfg = Release|Any CPU
		{CF8843A5-A104-4F77-A91B-B66AD35AD937}.Release|Any CPU.Build.0 = Release|Any CPU
	EndGlobalSection
	GlobalSection(SolutionProperties) = preSolution
		HideSolutionNode = FALSE
	EndGlobalSection
	GlobalSection(ExtensibilityGlobals) = postSolution
		SolutionGuid = {A20F3D72-FC0F-407C-A22C-6C881F47040A}
	EndGlobalSection
EndGlobal
